
Microsoft Visual Studio Solution File, Format Version 12.00
# Visual Studio 15
VisualStudioVersion = 15.0.26124.0
MinimumVisualStudioVersion = 15.0.26124.0
Project("{2150E333-8FDC-42A3-9474-1A3956D46DE8}") = "src", "src", "{A22A2ED1-2190-4942-A8A9-AD8B095C6D24}"
EndProject
Project("{9A19103F-16F7-4668-BE54-9A1E7A4F7556}") = "CoreBlog.Data.Abstractions", "src\CoreBlog.Data.Abstractions\CoreBlog.Data.Abstractions.csproj", "{37BA9051-F18F-4789-9FD7-372970A0DFA1}"
EndProject
Project("{9A19103F-16F7-4668-BE54-9A1E7A4F7556}") = "CoreBlog.Grains.Abstractions", "src\CoreBlog.Grains.Abstractions\CoreBlog.Grains.Abstractions.csproj", "{D10288CE-E3B6-42C9-80E9-FEA55ACD674A}"
EndProject
Project("{9A19103F-16F7-4668-BE54-9A1E7A4F7556}") = "CoreBlog.Grains", "src\CoreBlog.Grains\CoreBlog.Grains.csproj", "{885C54FB-EC5A-47D2-87FB-65DDD4CEE9A8}"
EndProject
Project("{9A19103F-16F7-4668-BE54-9A1E7A4F7556}") = "CoreBlog.SiloHost", "src\CoreBlog.SiloHost\CoreBlog.SiloHost.csproj", "{13B5F6E5-54EB-4C28-A2D9-D683DD71DC16}"
EndProject
Project("{9A19103F-16F7-4668-BE54-9A1E7A4F7556}") = "CoreBlog.WebApi", "src\CoreBlog.WebApi\CoreBlog.WebApi.csproj", "{083104B3-E35A-4DE5-8534-A20CE71B596D}"
EndProject
Project("{9A19103F-16F7-4668-BE54-9A1E7A4F7556}") = "CoreBlog.GraphQL", "src\CoreBlog.GraphQL\CoreBlog.GraphQL.csproj", "{7C9CEBC7-7C6A-4AC2-8143-2170B4412C99}"
EndProject
Project("{9A19103F-16F7-4668-BE54-9A1E7A4F7556}") = "CoreBlog.GrainClientServices.Abstractions", "src\CoreBlog.GrainClientServices.Abstractions\CoreBlog.GrainClientServices.Abstractions.csproj", "{A40376DF-7F37-4C90-8528-031BD7C4188A}"
EndProject
Project("{9A19103F-16F7-4668-BE54-9A1E7A4F7556}") = "CoreBlog.GrainClientServices", "src\CoreBlog.GrainClientServices\CoreBlog.GrainClientServices.csproj", "{3CF9D192-164E-4509-B72B-8EB70ABC4566}"
EndProject
Project("{9A19103F-16F7-4668-BE54-9A1E7A4F7556}") = "CoreBlog.GrainModels", "src\CoreBlog.GrainModels\CoreBlog.GrainModels.csproj", "{FE24B3AE-2CB4-4200-941C-475CBE13E924}"
EndProject
Project("{9A19103F-16F7-4668-BE54-9A1E7A4F7556}") = "CoreBlog.Data.EntityFramework", "src\CoreBlog.Data.EntityFramework\CoreBlog.Data.EntityFramework.csproj", "{7A4B7AF6-26D5-41AB-95FC-4756FB323E1C}"
EndProject
Project("{2150E333-8FDC-42A3-9474-1A3956D46DE8}") = "tests", "tests", "{D4A5C672-3385-4E59-8492-3D4D285E7409}"
EndProject
Project("{FAE04EC0-301F-11D3-BF4B-00C04F79EFBC}") = "CoreBlog.Data.EntityFramework.Tests", "tests\CoreBlog.Data.EntityFramework.Tests\CoreBlog.Data.EntityFramework.Tests.csproj", "{5221AC1E-DCF0-4E4D-BEC8-45F70A613172}"
EndProject
Global
	GlobalSection(SolutionConfigurationPlatforms) = preSolution
		Debug|Any CPU = Debug|Any CPU
		Debug|x64 = Debug|x64
		Debug|x86 = Debug|x86
		Release|Any CPU = Release|Any CPU
		Release|x64 = Release|x64
		Release|x86 = Release|x86
	EndGlobalSection
	GlobalSection(ProjectConfigurationPlatforms) = postSolution
		{37BA9051-F18F-4789-9FD7-372970A0DFA1}.Debug|Any CPU.ActiveCfg = Debug|Any CPU
		{37BA9051-F18F-4789-9FD7-372970A0DFA1}.Debug|Any CPU.Build.0 = Debug|Any CPU
		{37BA9051-F18F-4789-9FD7-372970A0DFA1}.Debug|x64.ActiveCfg = Debug|Any CPU
		{37BA9051-F18F-4789-9FD7-372970A0DFA1}.Debug|x64.Build.0 = Debug|Any CPU
		{37BA9051-F18F-4789-9FD7-372970A0DFA1}.Debug|x86.ActiveCfg = Debug|Any CPU
		{37BA9051-F18F-4789-9FD7-372970A0DFA1}.Debug|x86.Build.0 = Debug|Any CPU
		{37BA9051-F18F-4789-9FD7-372970A0DFA1}.Release|Any CPU.ActiveCfg = Release|Any CPU
		{37BA9051-F18F-4789-9FD7-372970A0DFA1}.Release|Any CPU.Build.0 = Release|Any CPU
		{37BA9051-F18F-4789-9FD7-372970A0DFA1}.Release|x64.ActiveCfg = Release|Any CPU
		{37BA9051-F18F-4789-9FD7-372970A0DFA1}.Release|x64.Build.0 = Release|Any CPU
		{37BA9051-F18F-4789-9FD7-372970A0DFA1}.Release|x86.ActiveCfg = Release|Any CPU
		{37BA9051-F18F-4789-9FD7-372970A0DFA1}.Release|x86.Build.0 = Release|Any CPU
		{D10288CE-E3B6-42C9-80E9-FEA55ACD674A}.Debug|Any CPU.ActiveCfg = Debug|Any CPU
		{D10288CE-E3B6-42C9-80E9-FEA55ACD674A}.Debug|Any CPU.Build.0 = Debug|Any CPU
		{D10288CE-E3B6-42C9-80E9-FEA55ACD674A}.Debug|x64.ActiveCfg = Debug|Any CPU
		{D10288CE-E3B6-42C9-80E9-FEA55ACD674A}.Debug|x64.Build.0 = Debug|Any CPU
		{D10288CE-E3B6-42C9-80E9-FEA55ACD674A}.Debug|x86.ActiveCfg = Debug|Any CPU
		{D10288CE-E3B6-42C9-80E9-FEA55ACD674A}.Debug|x86.Build.0 = Debug|Any CPU
		{D10288CE-E3B6-42C9-80E9-FEA55ACD674A}.Release|Any CPU.ActiveCfg = Release|Any CPU
		{D10288CE-E3B6-42C9-80E9-FEA55ACD674A}.Release|Any CPU.Build.0 = Release|Any CPU
		{D10288CE-E3B6-42C9-80E9-FEA55ACD674A}.Release|x64.ActiveCfg = Release|Any CPU
		{D10288CE-E3B6-42C9-80E9-FEA55ACD674A}.Release|x64.Build.0 = Release|Any CPU
		{D10288CE-E3B6-42C9-80E9-FEA55ACD674A}.Release|x86.ActiveCfg = Release|Any CPU
		{D10288CE-E3B6-42C9-80E9-FEA55ACD674A}.Release|x86.Build.0 = Release|Any CPU
		{885C54FB-EC5A-47D2-87FB-65DDD4CEE9A8}.Debug|Any CPU.ActiveCfg = Debug|Any CPU
		{885C54FB-EC5A-47D2-87FB-65DDD4CEE9A8}.Debug|Any CPU.Build.0 = Debug|Any CPU
		{885C54FB-EC5A-47D2-87FB-65DDD4CEE9A8}.Debug|x64.ActiveCfg = Debug|Any CPU
		{885C54FB-EC5A-47D2-87FB-65DDD4CEE9A8}.Debug|x64.Build.0 = Debug|Any CPU
		{885C54FB-EC5A-47D2-87FB-65DDD4CEE9A8}.Debug|x86.ActiveCfg = Debug|Any CPU
		{885C54FB-EC5A-47D2-87FB-65DDD4CEE9A8}.Debug|x86.Build.0 = Debug|Any CPU
		{885C54FB-EC5A-47D2-87FB-65DDD4CEE9A8}.Release|Any CPU.ActiveCfg = Release|Any CPU
		{885C54FB-EC5A-47D2-87FB-65DDD4CEE9A8}.Release|Any CPU.Build.0 = Release|Any CPU
		{885C54FB-EC5A-47D2-87FB-65DDD4CEE9A8}.Release|x64.ActiveCfg = Release|Any CPU
		{885C54FB-EC5A-47D2-87FB-65DDD4CEE9A8}.Release|x64.Build.0 = Release|Any CPU
		{885C54FB-EC5A-47D2-87FB-65DDD4CEE9A8}.Release|x86.ActiveCfg = Release|Any CPU
		{885C54FB-EC5A-47D2-87FB-65DDD4CEE9A8}.Release|x86.Build.0 = Release|Any CPU
		{13B5F6E5-54EB-4C28-A2D9-D683DD71DC16}.Debug|Any CPU.ActiveCfg = Debug|Any CPU
		{13B5F6E5-54EB-4C28-A2D9-D683DD71DC16}.Debug|Any CPU.Build.0 = Debug|Any CPU
		{13B5F6E5-54EB-4C28-A2D9-D683DD71DC16}.Debug|x64.ActiveCfg = Debug|Any CPU
		{13B5F6E5-54EB-4C28-A2D9-D683DD71DC16}.Debug|x64.Build.0 = Debug|Any CPU
		{13B5F6E5-54EB-4C28-A2D9-D683DD71DC16}.Debug|x86.ActiveCfg = Debug|Any CPU
		{13B5F6E5-54EB-4C28-A2D9-D683DD71DC16}.Debug|x86.Build.0 = Debug|Any CPU
		{13B5F6E5-54EB-4C28-A2D9-D683DD71DC16}.Release|Any CPU.ActiveCfg = Release|Any CPU
		{13B5F6E5-54EB-4C28-A2D9-D683DD71DC16}.Release|Any CPU.Build.0 = Release|Any CPU
		{13B5F6E5-54EB-4C28-A2D9-D683DD71DC16}.Release|x64.ActiveCfg = Release|Any CPU
		{13B5F6E5-54EB-4C28-A2D9-D683DD71DC16}.Release|x64.Build.0 = Release|Any CPU
		{13B5F6E5-54EB-4C28-A2D9-D683DD71DC16}.Release|x86.ActiveCfg = Release|Any CPU
		{13B5F6E5-54EB-4C28-A2D9-D683DD71DC16}.Release|x86.Build.0 = Release|Any CPU
		{083104B3-E35A-4DE5-8534-A20CE71B596D}.Debug|Any CPU.ActiveCfg = Debug|Any CPU
		{083104B3-E35A-4DE5-8534-A20CE71B596D}.Debug|Any CPU.Build.0 = Debug|Any CPU
		{083104B3-E35A-4DE5-8534-A20CE71B596D}.Debug|x64.ActiveCfg = Debug|Any CPU
		{083104B3-E35A-4DE5-8534-A20CE71B596D}.Debug|x64.Build.0 = Debug|Any CPU
		{083104B3-E35A-4DE5-8534-A20CE71B596D}.Debug|x86.ActiveCfg = Debug|Any CPU
		{083104B3-E35A-4DE5-8534-A20CE71B596D}.Debug|x86.Build.0 = Debug|Any CPU
		{083104B3-E35A-4DE5-8534-A20CE71B596D}.Release|Any CPU.ActiveCfg = Release|Any CPU
		{083104B3-E35A-4DE5-8534-A20CE71B596D}.Release|Any CPU.Build.0 = Release|Any CPU
		{083104B3-E35A-4DE5-8534-A20CE71B596D}.Release|x64.ActiveCfg = Release|Any CPU
		{083104B3-E35A-4DE5-8534-A20CE71B596D}.Release|x64.Build.0 = Release|Any CPU
		{083104B3-E35A-4DE5-8534-A20CE71B596D}.Release|x86.ActiveCfg = Release|Any CPU
		{083104B3-E35A-4DE5-8534-A20CE71B596D}.Release|x86.Build.0 = Release|Any CPU
		{7C9CEBC7-7C6A-4AC2-8143-2170B4412C99}.Debug|Any CPU.ActiveCfg = Debug|Any CPU
		{7C9CEBC7-7C6A-4AC2-8143-2170B4412C99}.Debug|Any CPU.Build.0 = Debug|Any CPU
		{7C9CEBC7-7C6A-4AC2-8143-2170B4412C99}.Debug|x64.ActiveCfg = Debug|Any CPU
		{7C9CEBC7-7C6A-4AC2-8143-2170B4412C99}.Debug|x64.Build.0 = Debug|Any CPU
		{7C9CEBC7-7C6A-4AC2-8143-2170B4412C99}.Debug|x86.ActiveCfg = Debug|Any CPU
		{7C9CEBC7-7C6A-4AC2-8143-2170B4412C99}.Debug|x86.Build.0 = Debug|Any CPU
		{7C9CEBC7-7C6A-4AC2-8143-2170B4412C99}.Release|Any CPU.ActiveCfg = Release|Any CPU
		{7C9CEBC7-7C6A-4AC2-8143-2170B4412C99}.Release|Any CPU.Build.0 = Release|Any CPU
		{7C9CEBC7-7C6A-4AC2-8143-2170B4412C99}.Release|x64.ActiveCfg = Release|Any CPU
		{7C9CEBC7-7C6A-4AC2-8143-2170B4412C99}.Release|x64.Build.0 = Release|Any CPU
		{7C9CEBC7-7C6A-4AC2-8143-2170B4412C99}.Release|x86.ActiveCfg = Release|Any CPU
		{7C9CEBC7-7C6A-4AC2-8143-2170B4412C99}.Release|x86.Build.0 = Release|Any CPU
		{A40376DF-7F37-4C90-8528-031BD7C4188A}.Debug|Any CPU.ActiveCfg = Debug|Any CPU
		{A40376DF-7F37-4C90-8528-031BD7C4188A}.Debug|Any CPU.Build.0 = Debug|Any CPU
		{A40376DF-7F37-4C90-8528-031BD7C4188A}.Debug|x64.ActiveCfg = Debug|Any CPU
		{A40376DF-7F37-4C90-8528-031BD7C4188A}.Debug|x64.Build.0 = Debug|Any CPU
		{A40376DF-7F37-4C90-8528-031BD7C4188A}.Debug|x86.ActiveCfg = Debug|Any CPU
		{A40376DF-7F37-4C90-8528-031BD7C4188A}.Debug|x86.Build.0 = Debug|Any CPU
		{A40376DF-7F37-4C90-8528-031BD7C4188A}.Release|Any CPU.ActiveCfg = Release|Any CPU
		{A40376DF-7F37-4C90-8528-031BD7C4188A}.Release|Any CPU.Build.0 = Release|Any CPU
		{A40376DF-7F37-4C90-8528-031BD7C4188A}.Release|x64.ActiveCfg = Release|Any CPU
		{A40376DF-7F37-4C90-8528-031BD7C4188A}.Release|x64.Build.0 = Release|Any CPU
		{A40376DF-7F37-4C90-8528-031BD7C4188A}.Release|x86.ActiveCfg = Release|Any CPU
		{A40376DF-7F37-4C90-8528-031BD7C4188A}.Release|x86.Build.0 = Release|Any CPU
		{3CF9D192-164E-4509-B72B-8EB70ABC4566}.Debug|Any CPU.ActiveCfg = Debug|Any CPU
		{3CF9D192-164E-4509-B72B-8EB70ABC4566}.Debug|Any CPU.Build.0 = Debug|Any CPU
		{3CF9D192-164E-4509-B72B-8EB70ABC4566}.Debug|x64.ActiveCfg = Debug|Any CPU
		{3CF9D192-164E-4509-B72B-8EB70ABC4566}.Debug|x64.Build.0 = Debug|Any CPU
		{3CF9D192-164E-4509-B72B-8EB70ABC4566}.Debug|x86.ActiveCfg = Debug|Any CPU
		{3CF9D192-164E-4509-B72B-8EB70ABC4566}.Debug|x86.Build.0 = Debug|Any CPU
		{3CF9D192-164E-4509-B72B-8EB70ABC4566}.Release|Any CPU.ActiveCfg = Release|Any CPU
		{3CF9D192-164E-4509-B72B-8EB70ABC4566}.Release|Any CPU.Build.0 = Release|Any CPU
		{3CF9D192-164E-4509-B72B-8EB70ABC4566}.Release|x64.ActiveCfg = Release|Any CPU
		{3CF9D192-164E-4509-B72B-8EB70ABC4566}.Release|x64.Build.0 = Release|Any CPU
		{3CF9D192-164E-4509-B72B-8EB70ABC4566}.Release|x86.ActiveCfg = Release|Any CPU
		{3CF9D192-164E-4509-B72B-8EB70ABC4566}.Release|x86.Build.0 = Release|Any CPU
		{FE24B3AE-2CB4-4200-941C-475CBE13E924}.Debug|Any CPU.ActiveCfg = Debug|Any CPU
		{FE24B3AE-2CB4-4200-941C-475CBE13E924}.Debug|Any CPU.Build.0 = Debug|Any CPU
		{FE24B3AE-2CB4-4200-941C-475CBE13E924}.Debug|x64.ActiveCfg = Debug|Any CPU
		{FE24B3AE-2CB4-4200-941C-475CBE13E924}.Debug|x64.Build.0 = Debug|Any CPU
		{FE24B3AE-2CB4-4200-941C-475CBE13E924}.Debug|x86.ActiveCfg = Debug|Any CPU
		{FE24B3AE-2CB4-4200-941C-475CBE13E924}.Debug|x86.Build.0 = Debug|Any CPU
		{FE24B3AE-2CB4-4200-941C-475CBE13E924}.Release|Any CPU.ActiveCfg = Release|Any CPU
		{FE24B3AE-2CB4-4200-941C-475CBE13E924}.Release|Any CPU.Build.0 = Release|Any CPU
		{FE24B3AE-2CB4-4200-941C-475CBE13E924}.Release|x64.ActiveCfg = Release|Any CPU
		{FE24B3AE-2CB4-4200-941C-475CBE13E924}.Release|x64.Build.0 = Release|Any CPU
		{FE24B3AE-2CB4-4200-941C-475CBE13E924}.Release|x86.ActiveCfg = Release|Any CPU
		{FE24B3AE-2CB4-4200-941C-475CBE13E924}.Release|x86.Build.0 = Release|Any CPU
		{7A4B7AF6-26D5-41AB-95FC-4756FB323E1C}.Debug|Any CPU.ActiveCfg = Debug|Any CPU
		{7A4B7AF6-26D5-41AB-95FC-4756FB323E1C}.Debug|Any CPU.Build.0 = Debug|Any CPU
		{7A4B7AF6-26D5-41AB-95FC-4756FB323E1C}.Debug|x64.ActiveCfg = Debug|Any CPU
		{7A4B7AF6-26D5-41AB-95FC-4756FB323E1C}.Debug|x64.Build.0 = Debug|Any CPU
		{7A4B7AF6-26D5-41AB-95FC-4756FB323E1C}.Debug|x86.ActiveCfg = Debug|Any CPU
		{7A4B7AF6-26D5-41AB-95FC-4756FB323E1C}.Debug|x86.Build.0 = Debug|Any CPU
		{7A4B7AF6-26D5-41AB-95FC-4756FB323E1C}.Release|Any CPU.ActiveCfg = Release|Any CPU
		{7A4B7AF6-26D5-41AB-95FC-4756FB323E1C}.Release|Any CPU.Build.0 = Release|Any CPU
		{7A4B7AF6-26D5-41AB-95FC-4756FB323E1C}.Release|x64.ActiveCfg = Release|Any CPU
		{7A4B7AF6-26D5-41AB-95FC-4756FB323E1C}.Release|x64.Build.0 = Release|Any CPU
		{7A4B7AF6-26D5-41AB-95FC-4756FB323E1C}.Release|x86.ActiveCfg = Release|Any CPU
		{7A4B7AF6-26D5-41AB-95FC-4756FB323E1C}.Release|x86.Build.0 = Release|Any CPU
		{5221AC1E-DCF0-4E4D-BEC8-45F70A613172}.Debug|Any CPU.ActiveCfg = Debug|Any CPU
		{5221AC1E-DCF0-4E4D-BEC8-45F70A613172}.Debug|Any CPU.Build.0 = Debug|Any CPU
		{5221AC1E-DCF0-4E4D-BEC8-45F70A613172}.Debug|x64.ActiveCfg = Debug|Any CPU
		{5221AC1E-DCF0-4E4D-BEC8-45F70A613172}.Debug|x64.Build.0 = Debug|Any CPU
		{5221AC1E-DCF0-4E4D-BEC8-45F70A613172}.Debug|x86.ActiveCfg = Debug|Any CPU
		{5221AC1E-DCF0-4E4D-BEC8-45F70A613172}.Debug|x86.Build.0 = Debug|Any CPU
		{5221AC1E-DCF0-4E4D-BEC8-45F70A613172}.Release|Any CPU.ActiveCfg = Release|Any CPU
		{5221AC1E-DCF0-4E4D-BEC8-45F70A613172}.Release|Any CPU.Build.0 = Release|Any CPU
		{5221AC1E-DCF0-4E4D-BEC8-45F70A613172}.Release|x64.ActiveCfg = Release|Any CPU
		{5221AC1E-DCF0-4E4D-BEC8-45F70A613172}.Release|x64.Build.0 = Release|Any CPU
		{5221AC1E-DCF0-4E4D-BEC8-45F70A613172}.Release|x86.ActiveCfg = Release|Any CPU
		{5221AC1E-DCF0-4E4D-BEC8-45F70A613172}.Release|x86.Build.0 = Release|Any CPU
	EndGlobalSection
	GlobalSection(SolutionProperties) = preSolution
		HideSolutionNode = FALSE
	EndGlobalSection
	GlobalSection(NestedProjects) = preSolution
		{37BA9051-F18F-4789-9FD7-372970A0DFA1} = {A22A2ED1-2190-4942-A8A9-AD8B095C6D24}
		{D10288CE-E3B6-42C9-80E9-FEA55ACD674A} = {A22A2ED1-2190-4942-A8A9-AD8B095C6D24}
		{885C54FB-EC5A-47D2-87FB-65DDD4CEE9A8} = {A22A2ED1-2190-4942-A8A9-AD8B095C6D24}
		{13B5F6E5-54EB-4C28-A2D9-D683DD71DC16} = {A22A2ED1-2190-4942-A8A9-AD8B095C6D24}
		{083104B3-E35A-4DE5-8534-A20CE71B596D} = {A22A2ED1-2190-4942-A8A9-AD8B095C6D24}
		{7C9CEBC7-7C6A-4AC2-8143-2170B4412C99} = {A22A2ED1-2190-4942-A8A9-AD8B095C6D24}
		{A40376DF-7F37-4C90-8528-031BD7C4188A} = {A22A2ED1-2190-4942-A8A9-AD8B095C6D24}
		{3CF9D192-164E-4509-B72B-8EB70ABC4566} = {A22A2ED1-2190-4942-A8A9-AD8B095C6D24}
		{FE24B3AE-2CB4-4200-941C-475CBE13E924} = {A22A2ED1-2190-4942-A8A9-AD8B095C6D24}
		{7A4B7AF6-26D5-41AB-95FC-4756FB323E1C} = {A22A2ED1-2190-4942-A8A9-AD8B095C6D24}
		{5221AC1E-DCF0-4E4D-BEC8-45F70A613172} = {D4A5C672-3385-4E59-8492-3D4D285E7409}
	EndGlobalSection
	GlobalSection(ExtensibilityGlobals) = postSolution
		SolutionGuid = {C7986623-B7BF-4591-9111-B84CBAAD412A}
	EndGlobalSection
EndGlobal
